// !$*UTF8*$!
{
	archiveVersion = 1;
	classes = {
	};
	objectVersion = 46;
	objects = {

/* Begin PBXBuildFile section */
		90FE0D091BBCA88000904856 /* AppDelegate.swift in Sources */ = {isa = PBXBuildFile; fileRef = 90FE0D081BBCA88000904856 /* AppDelegate.swift */; };
		90FE0D0B1BBCA88000904856 /* ViewController.swift in Sources */ = {isa = PBXBuildFile; fileRef = 90FE0D0A1BBCA88000904856 /* ViewController.swift */; };
		90FE0D0E1BBCA88000904856 /* Main.storyboard in Resources */ = {isa = PBXBuildFile; fileRef = 90FE0D0C1BBCA88000904856 /* Main.storyboard */; };
		90FE0D101BBCA88000904856 /* Assets.xcassets in Resources */ = {isa = PBXBuildFile; fileRef = 90FE0D0F1BBCA88000904856 /* Assets.xcassets */; };
		90FE0D131BBCA88000904856 /* LaunchScreen.storyboard in Resources */ = {isa = PBXBuildFile; fileRef = 90FE0D111BBCA88000904856 /* LaunchScreen.storyboard */; };
/* End PBXBuildFile section */

/* Begin PBXFileReference section */
		90FE0D051BBCA88000904856 /* NavControllerPractice.app */ = {isa = PBXFileReference; explicitFileType = wrapper.application; includeInIndex = 0; path = NavControllerPractice.app; sourceTree = BUILT_PRODUCTS_DIR; };
		90FE0D081BBCA88000904856 /* AppDelegate.swift */ = {isa = PBXFileReference; lastKnownFileType = sourcecode.swift; path = AppDelegate.swift; sourceTree = "<group>"; };
		90FE0D0A1BBCA88000904856 /* ViewController.swift */ = {isa = PBXFileReference; lastKnownFileType = sourcecode.swift; path = ViewController.swift; sourceTree = "<group>"; };
		90FE0D0D1BBCA88000904856 /* Base */ = {isa = PBXFileReference; lastKnownFileType = file.storyboard; name = Base; path = Base.lproj/Main.storyboard; sourceTree = "<group>"; };
		90FE0D0F1BBCA88000904856 /* Assets.xcassets */ = {isa = PBXFileReference; lastKnownFileType = folder.assetcatalog; path = Assets.xcassets; sourceTree = "<group>"; };
		90FE0D121BBCA88000904856 /* Base */ = {isa = PBXFileReference; lastKnownFileType = file.storyboard; name = Base; path = Base.lproj/LaunchScreen.storyboard; sourceTree = "<group>"; };
		90FE0D141BBCA88000904856 /* Info.plist */ = {isa = PBXFileReference; lastKnownFileType = text.plist.xml; path = Info.plist; sourceTree = "<group>"; };
/* End PBXFileReference section */

/* Begin PBXFrameworksBuildPhase section */
		90FE0D021BBCA88000904856 /* Frameworks */ = {
			isa = PBXFrameworksBuildPhase;
			buildActionMask = 2147483647;
			files = (
			);
			runOnlyForDeploymentPostprocessing = 0;
		};
/* End PBXFrameworksBuildPhase section */

/* Begin PBXGroup section */
		90FE0CFC1BBCA88000904856 = {
			isa = PBXGroup;
			children = (
				90FE0D071BBCA88000904856 /* NavControllerPractice */,
				90FE0D061BBCA88000904856 /* Products */,
			);
			sourceTree = "<group>";
		};
		90FE0D061BBCA88000904856 /* Products */ = {
			isa = PBXGroup;
			children = (
				90FE0D051BBCA88000904856 /* NavControllerPractice.app */,
			);
			name = Products;
			sourceTree = "<group>";
		};
		90FE0D071BBCA88000904856 /* NavControllerPractice */ = {
			isa = PBXGroup;
			children = (
				90FE0D081BBCA88000904856 /* AppDelegate.swift */,
				90FE0D0A1BBCA88000904856 /* ViewController.swift */,
				90FE0D0C1BBCA88000904856 /* Main.storyboard */,
				90FE0D0F1BBCA88000904856 /* Assets.xcassets */,
				90FE0D111BBCA88000904856 /* LaunchScreen.storyboard */,
				90FE0D141BBCA88000904856 /* Info.plist */,
			);
			path = NavControllerPractice;
			sourceTree = "<group>";
		};
/* End PBXGroup section */

/* Begin PBXNativeTarget section */
		90FE0D041BBCA88000904856 /* NavControllerPractice */ = {
			isa = PBXNativeTarget;
			buildConfigurationList = 90FE0D171BBCA88000904856 /* Build configuration list for PBXNativeTarget "NavControllerPractice" */;
			buildPhases = (
				90FE0D011BBCA88000904856 /* Sources */,
				90FE0D021BBCA88000904856 /* Frameworks */,
				90FE0D031BBCA88000904856 /* Resources */,
			);
			buildRules = (
			);
			dependencies = (
			);
			name = NavControllerPractice;
			productName = NavControllerPractice;
			productReference = 90FE0D051BBCA88000904856 /* NavControllerPractice.app */;
			productType = "com.apple.product-type.application";
		};
/* End PBXNativeTarget section */

/* Begin PBXProject section */
		90FE0CFD1BBCA88000904856 /* Project object */ = {
			isa = PBXProject;
			attributes = {
				LastUpgradeCheck = 0700;
				ORGANIZATIONNAME = "Lindsey Dragun";
				TargetAttributes = {
					90FE0D041BBCA88000904856 = {
						CreatedOnToolsVersion = 7.0;
					};
				};
			};
			buildConfigurationList = 90FE0D001BBCA88000904856 /* Build configuration list for PBXProject "NavControllerPractice" */;
			compatibilityVersion = "Xcode 3.2";
			developmentRegion = English;
			hasScannedForEncodings = 0;
			knownRegions = (
				en,
				Base,
			);
			mainGroup = 90FE0CFC1BBCA88000904856;
			productRefGroup = 90FE0D061BBCA88000904856 /* Products */;
			projectDirPath = "";
			projectRoot = "";
			targets = (
				90FE0D041BBCA88000904856 /* NavControllerPractice */,
			);
		};
/* End PBXProject section */

/* Begin PBXResourcesBuildPhase section */
		90FE0D031BBCA88000904856 /* Resources */ = {
			isa = PBXResourcesBuildPhase;
			buildActionMask = 2147483647;
			files = (
				90FE0D131BBCA88000904856 /* LaunchScreen.storyboard in Resources */,
				90FE0D101BBCA88000904856 /* Assets.xcassets in Resources */,
				90FE0D0E1BBCA88000904856 /* Main.storyboard in Resources */,
			);
			runOnlyForDeploymentPostprocessing = 0;
		};
/* End PBXResourcesBuildPhase section */

/* Begin PBXSourcesBuildPhase section */
		90FE0D011BBCA88000904856 /* Sources */ = {
			isa = PBXSourcesBuildPhase;
			buildActionMask = 2147483647;
			files = (
				90FE0D0B1BBCA88000904856 /* ViewController.swift in Sources */,
				90FE0D091BBCA88000904856 /* AppDelegate.swift in Sources */,
			);
			runOnlyForDeploymentPostprocessing = 0;
		};
/* End PBXSourcesBuildPhase section */

/* Begin PBXVariantGroup section */
		90FE0D0C1BBCA88000904856 /* Main.storyboard */ = {
			isa = PBXVariantGroup;
			children = (
				90FE0D0D1BBCA88000904856 /* Base */,
			);
			name = Main.storyboard;
			sourceTree = "<group>";
		};
		90FE0D111BBCA88000904856 /* LaunchScreen.storyboard */ = {
			isa = PBXVariantGroup;
			children = (
				90FE0D121BBCA88000904856 /* Base */,
			);
			name = LaunchScreen.storyboard;
			sourceTree = "<group>";
		};
/* End PBXVariantGroup section */

/* Begin XCBuildConfiguration section */
		90FE0D151BBCA88000904856 /* Debug */ = {
			isa = XCBuildConfiguration;
			buildSettings = {
				ALWAYS_SEARCH_USER_PATHS = NO;
				CLANG_CXX_LANGUAGE_STANDARD = "gnu++0x";
				CLANG_CXX_LIBRARY = "libc++";
				CLANG_ENABLE_MODULES = YES;
				CLANG_ENABLE_OBJC_ARC = YES;
				CLANG_WARN_BOOL_CONVERSION = YES;
				CLANG_WARN_CONSTANT_CONVERSION = YES;
				CLANG_WARN_DIRECT_OBJC_ISA_USAGE = YES_ERROR;
				CLANG_WARN_EMPTY_BODY = YES;
				CLANG_WARN_ENUM_CONVERSION = YES;
				CLANG_WARN_INT_CONVERSION = YES;
				CLANG_WARN_OBJC_ROOT_CLASS = YES_ERROR;
				CLANG_WARN_UNREACHABLE_CODE = YES;
				CLANG_WARN__DUPLICATE_METHOD_MATCH = YES;
				"CODE_SIGN_IDENTITY[sdk=iphoneos*]" = "iPhone Developer";
				COPY_PHASE_STRIP = NO;
				DEBUG_INFORMATION_FORMAT = dwarf;
				ENABLE_STRICT_OBJC_MSGSEND = YES;
				ENABLE_TESTABILITY = YES;
				GCC_C_LANGUAGE_STANDARD = gnu99;
				GCC_DYNAMIC_NO_PIC = NO;
				GCC_NO_COMMON_BLOCKS = YES;
				GCC_OPTIMIZATION_LEVEL = 0;
				GCC_PREPROCESSOR_DEFINITIONS = (
					"DEBUG=1",
					"$(inherited)",
				);
				GCC_WARN_64_TO_32_BIT_CONVERSION = YES;
				GCC_WARN_ABOUT_RETURN_TYPE = YES_ERROR;
				GCC_WARN_UNDECLARED_SELECTOR = YES;
				GCC_WARN_UNINITIALIZED_AUTOS = YES_AGGRESSIVE;
				GCC_WARN_UNUSED_FUNCTION = YES;
				GCC_WARN_UNUSED_VARIABLE = YES;
				IPHONEOS_DEPLOYMENT_TARGET = 9.0;
				MTL_ENABLE_DEBUG_INFO = YES;
				ONLY_ACTIVE_ARCH = YES;
				SDKROOT = iphoneos;
				SWIFT_OPTIMIZATION_LEVEL = "-Onone";
				TARGETED_DEVICE_FAMILY = "1,2";
			};
			name = Debug;
		};
		90FE0D161BBCA88000904856 /* Release */ = {
			isa = XCBuildConfiguration;
			buildSettings = {
				ALWAYS_SEARCH_USER_PATHS = NO;
				CLANG_CXX_LANGUAGE_STANDARD = "gnu++0x";
				CLANG_CXX_LIBRARY = "libc++";
				CLANG_ENABLE_MODULES = YES;
				CLANG_ENABLE_OBJC_ARC = YES;
				CLANG_WARN_BOOL_CONVERSION = YES;
				CLANG_WARN_CONSTANT_CONVERSION = YES;
				CLANG_WARN_DIRECT_OBJC_ISA_USAGE = YES_ERROR;
				CLANG_WARN_EMPTY_BODY = YES;
				CLANG_WARN_ENUM_CONVERSION = YES;
				CLANG_WARN_INT_CONVERSION = YES;
				CLANG_WARN_OBJC_ROOT_CLASS = YES_ERROR;
				CLANG_WARN_UNREACHABLE_CODE = YES;
				CLANG_WARN__DUPLICATE_METHOD_MATCH = YES;
				"CODE_SIGN_IDENTITY[sdk=iphoneos*]" = "iPhone Developer";
				COPY_PHASE_STRIP = NO;
				DEBUG_INFORMATION_FORMAT = "dwarf-with-dsym";
				ENABLE_NS_ASSERTIONS = NO;
				ENABLE_STRICT_OBJC_MSGSEND = YES;
				GCC_C_LANGUAGE_STANDARD = gnu99;
				GCC_NO_COMMON_BLOCKS = YES;
				GCC_WARN_64_TO_32_BIT_CONVERSION = YES;
				GCC_WARN_ABOUT_RETURN_TYPE = YES_ERROR;
				GCC_WARN_UNDECLARED_SELECTOR = YES;
				GCC_WARN_UNINITIALIZED_AUTOS = YES_AGGRESSIVE;
				GCC_WARN_UNUSED_FUNCTION = YES;
				GCC_WARN_UNUSED_VARIABLE = YES;
				IPHONEOS_DEPLOYMENT_TARGET = 9.0;
				MTL_ENABLE_DEBUG_INFO = NO;
				SDKROOT = iphoneos;
				TARGETED_DEVICE_FAMILY = "1,2";
				VALIDATE_PRODUCT = YES;
			};
			name = Release;
		};
		90FE0D181BBCA88000904856 /* Debug */ = {
			isa = XCBuildConfiguration;
			buildSettings = {
				ASSETCATALOG_COMPILER_APPICON_NAME = AppIcon;
				INFOPLIST_FILE = NavControllerPractice/Info.plist;
				LD_RUNPATH_SEARCH_PATHS = "$(inherited) @executable_path/Frameworks";
				PRODUCT_BUNDLE_IDENTIFIER = international.lindsey.NavControllerPractice;
				PRODUCT_NAME = "$(TARGET_NAME)";
			};
			name = Debug;
		};
		90FE0D191BBCA88000904856 /* Release */ = {
			isa = XCBuildConfiguration;
			buildSettings = {
				ASSETCATALOG_COMPILER_APPICON_NAME = AppIcon;
				INFOPLIST_FILE = NavControllerPractice/Info.plist;
				LD_RUNPATH_SEARCH_PATHS = "$(inherited) @executable_path/Frameworks";
				PRODUCT_BUNDLE_IDENTIFIER = international.lindsey.NavControllerPractice;
				PRODUCT_NAME = "$(TARGET_NAME)";
			};
			name = Release;
		};
/* End XCBuildConfiguration section */

/* Begin XCConfigurationList section */
		90FE0D001BBCA88000904856 /* Build configuration list for PBXProject "NavControllerPractice" */ = {
			isa = XCConfigurationList;
			buildConfigurations = (
				90FE0D151BBCA88000904856 /* Debug */,
				90FE0D161BBCA88000904856 /* Release */,
			);
			defaultConfigurationIsVisible = 0;
			defaultConfigurationName = Release;
		};
		90FE0D171BBCA88000904856 /* Build configuration list for PBXNativeTarget "NavControllerPractice" */ = {
			isa = XCConfigurationList;
			buildConfigurations = (
				90FE0D181BBCA88000904856 /* Debug */,
				90FE0D191BBCA88000904856 /* Release */,
			);
			defaultConfigurationIsVisible = 0;
		};
/* End XCConfigurationList section */
	};
	rootObject = 90FE0CFD1BBCA88000904856 /* Project object */;
}
